
Microsoft Visual Studio Solution File, Format Version 12.00
# Visual Studio Version 17
VisualStudioVersion = 17.1.32210.238
MinimumVisualStudioVersion = 10.0.40219.1
Project("{FAE04EC0-301F-11D3-BF4B-00C04F79EFBC}") = "Array Inllämningsuppgift 5.9", "Array Inllämningsuppgift 5.9\Array Inllämningsuppgift 5.9.csproj", "{F049C69E-4ED6-4867-B524-2749D52A3503}"
EndProject
Global
	GlobalSection(SolutionConfigurationPlatforms) = preSolution
		Debug|Any CPU = Debug|Any CPU
		Release|Any CPU = Release|Any CPU
	EndGlobalSection
	GlobalSection(ProjectConfigurationPlatforms) = postSolution
		{F049C69E-4ED6-4867-B524-2749D52A3503}.Debug|Any CPU.ActiveCfg = Debug|Any CPU
		{F049C69E-4ED6-4867-B524-2749D52A3503}.Debug|Any CPU.Build.0 = Debug|Any CPU
		{F049C69E-4ED6-4867-B524-2749D52A3503}.Release|Any CPU.ActiveCfg = Release|Any CPU
		{F049C69E-4ED6-4867-B524-2749D52A3503}.Release|Any CPU.Build.0 = Release|Any CPU
	EndGlobalSection
	GlobalSection(SolutionProperties) = preSolution
		HideSolutionNode = FALSE
	EndGlobalSection
	GlobalSection(ExtensibilityGlobals) = postSolution
		SolutionGuid = {62C44043-CE04-40EB-B925-811C6C4FBC80}
	EndGlobalSection
EndGlobal
